{
  "requires": true,
  "lockfileVersion": 1,
  "dependencies": {
    "deepmerge": {
      "version": "3.3.0",
      "resolved": "https://registry.npmjs.org/deepmerge/-/deepmerge-3.3.0.tgz",
      "integrity": "sha512-GRQOafGHwMHpjPx9iCvTgpu9NojZ49q794EEL94JVEw6VaeA8XTUyBKvAkOOjBX9oJNiV6G3P+T+tihFjo2TqA=="
    },
    "ngrx-store-localstorage": {
      "version": "10.1.1",
      "resolved": "https://registry.npmjs.org/ngrx-store-localstorage/-/ngrx-store-localstorage-10.1.1.tgz",
      "integrity": "sha512-OacpqJMraLrgqr/T3DfyT4T4lqAISZdCPWmYQyHtXWsNgKGid6xL4SgPktJ3vcMbIuuMckOpEFIgIpgBvf8E3g==",
      "requires": {
        "deepmerge": "^3.2.0",
        "tslib": "^2.0.0"
      }
    },
    "tslib": {
      "version": "2.1.0",
      "resolved": "https://registry.npmjs.org/tslib/-/tslib-2.1.0.tgz",
      "integrity": "sha512-hcVC3wYEziELGGmEEXue7D75zbwIIVUMWAVbHItGPx0ziyXxrOMQx4rQEVEV45Ut/1IotuEvwqPopzIOkDMf0A=="
    }
  }
}
